
Microsoft Visual Studio Solution File, Format Version 9.00
# Visual Studio 2005
Project("{FAE04EC0-301F-11D3-BF4B-00C04F79EFBC}") = "PluginInterface", "PluginInterface.csproj", "{B14E73BB-6F02-45C0-AFC7-4E7FB81CA9A3}"
EndProject
Global
	GlobalSection(SolutionConfigurationPlatforms) = preSolution
		Debug|Any CPU = Debug|Any CPU
		Release|Any CPU = Release|Any CPU
	EndGlobalSection
	GlobalSection(ProjectConfigurationPlatforms) = postSolution
		{B14E73BB-6F02-45C0-AFC7-4E7FB81CA9A3}.Debug|Any CPU.ActiveCfg = Debug|Any CPU
		{B14E73BB-6F02-45C0-AFC7-4E7FB81CA9A3}.Debug|Any CPU.Build.0 = Debug|Any CPU
		{B14E73BB-6F02-45C0-AFC7-4E7FB81CA9A3}.Release|Any CPU.ActiveCfg = Release|Any CPU
		{B14E73BB-6F02-45C0-AFC7-4E7FB81CA9A3}.Release|Any CPU.Build.0 = Release|Any CPU
	EndGlobalSection
	GlobalSection(SolutionProperties) = preSolution
		HideSolutionNode = FALSE
	EndGlobalSection
EndGlobal
