
Microsoft Visual Studio Solution File, Format Version 9.00
# Visual Studio 2005
Project("{FAE04EC0-301F-11D3-BF4B-00C04F79EFBC}") = "Xml.Opml", "Xml.Opml.csproj", "{CBD51D72-C5E4-4E52-BD51-2610FBF40309}"
EndProject
Global
	GlobalSection(SolutionConfigurationPlatforms) = preSolution
		Debug|Any CPU = Debug|Any CPU
		Release|Any CPU = Release|Any CPU
	EndGlobalSection
	GlobalSection(ProjectConfigurationPlatforms) = postSolution
		{CBD51D72-C5E4-4E52-BD51-2610FBF40309}.Debug|Any CPU.ActiveCfg = Debug|Any CPU
		{CBD51D72-C5E4-4E52-BD51-2610FBF40309}.Debug|Any CPU.Build.0 = Debug|Any CPU
		{CBD51D72-C5E4-4E52-BD51-2610FBF40309}.Release|Any CPU.ActiveCfg = Release|Any CPU
		{CBD51D72-C5E4-4E52-BD51-2610FBF40309}.Release|Any CPU.Build.0 = Release|Any CPU
	EndGlobalSection
	GlobalSection(SolutionProperties) = preSolution
		HideSolutionNode = FALSE
	EndGlobalSection
EndGlobal
