Microsoft Visual Studio Solution File, Format Version 8.00
Project("{FAE04EC0-301F-11D3-BF4B-00C04F79EFBC}") = "feedfusionConsole", "feedfusionConsole\feedfusionConsole.csproj", "{E4BC2BB0-3412-4EA6-927C-886DC7463F29}"
	ProjectSection(ProjectDependencies) = postProject
	EndProjectSection
EndProject
Project("{FAE04EC0-301F-11D3-BF4B-00C04F79EFBC}") = "Core", "Core\Core.csproj", "{BBEA6191-2434-4C9F-A18C-5B2B55C07240}"
	ProjectSection(ProjectDependencies) = postProject
	EndProjectSection
EndProject
Project("{FAE04EC0-301F-11D3-BF4B-00C04F79EFBC}") = "UnitTests", "UnitTests\UnitTests.csproj", "{725D85AD-C751-4E4E-AB51-54671F165396}"
	ProjectSection(ProjectDependencies) = postProject
	EndProjectSection
EndProject
Global
	GlobalSection(SolutionConfiguration) = preSolution
		AutomatedDebug = AutomatedDebug
		Debug = Debug
		Release = Release
	EndGlobalSection
	GlobalSection(ProjectConfiguration) = postSolution
		{E4BC2BB0-3412-4EA6-927C-886DC7463F29}.AutomatedDebug.ActiveCfg = AutomatedDebug|.NET
		{E4BC2BB0-3412-4EA6-927C-886DC7463F29}.AutomatedDebug.Build.0 = AutomatedDebug|.NET
		{E4BC2BB0-3412-4EA6-927C-886DC7463F29}.Debug.ActiveCfg = Debug|.NET
		{E4BC2BB0-3412-4EA6-927C-886DC7463F29}.Debug.Build.0 = Debug|.NET
		{E4BC2BB0-3412-4EA6-927C-886DC7463F29}.Release.ActiveCfg = Release|.NET
		{E4BC2BB0-3412-4EA6-927C-886DC7463F29}.Release.Build.0 = Release|.NET
		{BBEA6191-2434-4C9F-A18C-5B2B55C07240}.AutomatedDebug.ActiveCfg = AutomatedDebug|.NET
		{BBEA6191-2434-4C9F-A18C-5B2B55C07240}.AutomatedDebug.Build.0 = AutomatedDebug|.NET
		{BBEA6191-2434-4C9F-A18C-5B2B55C07240}.Debug.ActiveCfg = Debug|.NET
		{BBEA6191-2434-4C9F-A18C-5B2B55C07240}.Debug.Build.0 = Debug|.NET
		{BBEA6191-2434-4C9F-A18C-5B2B55C07240}.Release.ActiveCfg = Release|.NET
		{BBEA6191-2434-4C9F-A18C-5B2B55C07240}.Release.Build.0 = Release|.NET
		{725D85AD-C751-4E4E-AB51-54671F165396}.AutomatedDebug.ActiveCfg = AutomatedDebug|.NET
		{725D85AD-C751-4E4E-AB51-54671F165396}.AutomatedDebug.Build.0 = AutomatedDebug|.NET
		{725D85AD-C751-4E4E-AB51-54671F165396}.Debug.ActiveCfg = Debug|.NET
		{725D85AD-C751-4E4E-AB51-54671F165396}.Debug.Build.0 = Debug|.NET
		{725D85AD-C751-4E4E-AB51-54671F165396}.Release.ActiveCfg = Release|.NET
		{725D85AD-C751-4E4E-AB51-54671F165396}.Release.Build.0 = Release|.NET
	EndGlobalSection
	GlobalSection(SolutionItems) = postSolution
		..\feedfusion.build = ..\feedfusion.build
	EndGlobalSection
	GlobalSection(ExtensibilityGlobals) = postSolution
	EndGlobalSection
	GlobalSection(ExtensibilityAddIns) = postSolution
	EndGlobalSection
EndGlobal

